# This file is automatically @generated by Poetry 1.8.3 and should not be changed by hand.

[[package]]
name = "black"
version = "24.4.2"
description = "The uncompromising code formatter."
optional = false
python-versions = ">=3.8"
files = [
    {file = "black-24.4.2-cp310-cp310-macosx_10_9_x86_64.whl", hash = "sha256:dd1b5a14e417189db4c7b64a6540f31730713d173f0b63e55fabd52d61d8fdce"},
    {file = "black-24.4.2-cp310-cp310-macosx_11_0_arm64.whl", hash = "sha256:8e537d281831ad0e71007dcdcbe50a71470b978c453fa41ce77186bbe0ed6021"},
    {file = "black-24.4.2-cp310-cp310-manylinux_2_17_x86_64.manylinux2014_x86_64.whl", hash = "sha256:eaea3008c281f1038edb473c1aa8ed8143a5535ff18f978a318f10302b254063"},
    {file = "black-24.4.2-cp310-cp310-win_amd64.whl", hash = "sha256:7768a0dbf16a39aa5e9a3ded568bb545c8c2727396d063bbaf847df05b08cd96"},
    {file = "black-24.4.2-cp311-cp311-macosx_10_9_x86_64.whl", hash = "sha256:257d724c2c9b1660f353b36c802ccece186a30accc7742c176d29c146df6e474"},
    {file = "black-24.4.2-cp311-cp311-macosx_11_0_arm64.whl", hash = "sha256:bdde6f877a18f24844e381d45e9947a49e97933573ac9d4345399be37621e26c"},
    {file = "black-24.4.2-cp311-cp311-manylinux_2_17_x86_64.manylinux2014_x86_64.whl", hash = "sha256:e151054aa00bad1f4e1f04919542885f89f5f7d086b8a59e5000e6c616896ffb"},
    {file = "black-24.4.2-cp311-cp311-win_amd64.whl", hash = "sha256:7e122b1c4fb252fd85df3ca93578732b4749d9be076593076ef4d07a0233c3e1"},
    {file = "black-24.4.2-cp312-cp312-macosx_10_9_x86_64.whl", hash = "sha256:accf49e151c8ed2c0cdc528691838afd217c50412534e876a19270fea1e28e2d"},
    {file = "black-24.4.2-cp312-cp312-macosx_11_0_arm64.whl", hash = "sha256:88c57dc656038f1ab9f92b3eb5335ee9b021412feaa46330d5eba4e51fe49b04"},
    {file = "black-24.4.2-cp312-cp312-manylinux_2_17_x86_64.manylinux2014_x86_64.whl", hash = "sha256:be8bef99eb46d5021bf053114442914baeb3649a89dc5f3a555c88737e5e98fc"},
    {file = "black-24.4.2-cp312-cp312-win_amd64.whl", hash = "sha256:415e686e87dbbe6f4cd5ef0fbf764af7b89f9057b97c908742b6008cc554b9c0"},
    {file = "black-24.4.2-cp38-cp38-macosx_10_9_x86_64.whl", hash = "sha256:bf10f7310db693bb62692609b397e8d67257c55f949abde4c67f9cc574492cc7"},
    {file = "black-24.4.2-cp38-cp38-macosx_11_0_arm64.whl", hash = "sha256:98e123f1d5cfd42f886624d84464f7756f60ff6eab89ae845210631714f6db94"},
    {file = "black-24.4.2-cp38-cp38-manylinux_2_17_x86_64.manylinux2014_x86_64.whl", hash = "sha256:48a85f2cb5e6799a9ef05347b476cce6c182d6c71ee36925a6c194d074336ef8"},
    {file = "black-24.4.2-cp38-cp38-win_amd64.whl", hash = "sha256:b1530ae42e9d6d5b670a34db49a94115a64596bc77710b1d05e9801e62ca0a7c"},
    {file = "black-24.4.2-cp39-cp39-macosx_10_9_x86_64.whl", hash = "sha256:37aae07b029fa0174d39daf02748b379399b909652a806e5708199bd93899da1"},
    {file = "black-24.4.2-cp39-cp39-macosx_11_0_arm64.whl", hash = "sha256:da33a1a5e49c4122ccdfd56cd021ff1ebc4a1ec4e2d01594fef9b6f267a9e741"},
    {file = "black-24.4.2-cp39-cp39-manylinux_2_17_x86_64.manylinux2014_x86_64.whl", hash = "sha256:ef703f83fc32e131e9bcc0a5094cfe85599e7109f896fe8bc96cc402f3eb4b6e"},
    {file = "black-24.4.2-cp39-cp39-win_amd64.whl", hash = "sha256:b9176b9832e84308818a99a561e90aa479e73c523b3f77afd07913380ae2eab7"},
    {file = "black-24.4.2-py3-none-any.whl", hash = "sha256:d36ed1124bb81b32f8614555b34cc4259c3fbc7eec17870e8ff8ded335b58d8c"},
    {file = "black-24.4.2.tar.gz", hash = "sha256:c872b53057f000085da66a19c55d68f6f8ddcac2642392ad3a355878406fbd4d"},
]

[package.dependencies]
click = ">=8.0.0"
mypy-extensions = ">=0.4.3"
packaging = ">=22.0"
pathspec = ">=0.9.0"
platformdirs = ">=2"

[package.extras]
colorama = ["colorama (>=0.4.3)"]
d = ["aiohttp (>=3.7.4)", "aiohttp (>=3.7.4,!=3.9.0)"]
jupyter = ["ipython (>=7.8.0)", "tokenize-rt (>=3.2.0)"]
uvloop = ["uvloop (>=0.15.2)"]

[[package]]
name = "click"
version = "8.1.7"
description = "Composable command line interface toolkit"
optional = false
python-versions = ">=3.7"
files = [
    {file = "click-8.1.7-py3-none-any.whl", hash = "sha256:ae74fb96c20a0277a1d615f1e4d73c8414f5a98db8b799a7931d1582f3390c28"},
    {file = "click-8.1.7.tar.gz", hash = "sha256:ca9853ad459e787e2192211578cc907e7594e294c7ccc834310722b41b9ca6de"},
]

[package.dependencies]
colorama = {version = "*", markers = "platform_system == \"Windows\""}

[[package]]
name = "colorama"
version = "0.4.6"
description = "Cross-platform colored terminal text."
optional = false
python-versions = "!=3.0.*,!=3.1.*,!=3.2.*,!=3.3.*,!=3.4.*,!=3.5.*,!=3.6.*,>=2.7"
files = [
    {file = "colorama-0.4.6-py2.py3-none-any.whl", hash = "sha256:4f1d9991f5acc0ca119f9d443620b77f9d6b33703e51011c16baf57afb285fc6"},
    {file = "colorama-0.4.6.tar.gz", hash = "sha256:08695f5cb7ed6e0531a20572697297273c47b8cae5a63ffc6d6ed5c201be6e44"},
]

[[package]]
name = "iniconfig"
version = "2.0.0"
description = "brain-dead simple config-ini parsing"
optional = false
python-versions = ">=3.7"
files = [
    {file = "iniconfig-2.0.0-py3-none-any.whl", hash = "sha256:b6a85871a79d2e3b22d2d1b94ac2824226a63c6b741c88f7ae975f18b6778374"},
    {file = "iniconfig-2.0.0.tar.gz", hash = "sha256:2d91e135bf72d31a410b17c16da610a82cb55f6b0477d1a902134b24a455b8b3"},
]

[[package]]
name = "isort"
version = "5.13.2"
description = "A Python utility / library to sort Python imports."
optional = false
python-versions = ">=3.8.0"
files = [
    {file = "isort-5.13.2-py3-none-any.whl", hash = "sha256:8ca5e72a8d85860d5a3fa69b8745237f2939afe12dbf656afbcb47fe72d947a6"},
    {file = "isort-5.13.2.tar.gz", hash = "sha256:48fdfcb9face5d58a4f6dde2e72a1fb8dcaf8ab26f95ab49fab84c2ddefb0109"},
]

[package.extras]
colors = ["colorama (>=0.4.6)"]

[[package]]
name = "mypy-extensions"
version = "1.0.0"
description = "Type system extensions for programs checked with the mypy type checker."
optional = false
python-versions = ">=3.5"
files = [
    {file = "mypy_extensions-1.0.0-py3-none-any.whl", hash = "sha256:4392f6c0eb8a5668a69e23d168ffa70f0be9ccfd32b5cc2d26a34ae5b844552d"},
    {file = "mypy_extensions-1.0.0.tar.gz", hash = "sha256:75dbf8955dc00442a438fc4d0666508a9a97b6bd41aa2f0ffe9d2f2725af0782"},
]

[[package]]
name = "packaging"
version = "24.1"
description = "Core utilities for Python packages"
optional = false
python-versions = ">=3.8"
files = [
    {file = "packaging-24.1-py3-none-any.whl", hash = "sha256:5b8f2217dbdbd2f7f384c41c628544e6d52f2d0f53c6d0c3ea61aa5d1d7ff124"},
    {file = "packaging-24.1.tar.gz", hash = "sha256:026ed72c8ed3fcce5bf8950572258698927fd1dbda10a5e981cdf0ac37f4f002"},
]

[[package]]
name = "pathspec"
version = "0.12.1"
description = "Utility library for gitignore style pattern matching of file paths."
optional = false
python-versions = ">=3.8"
files = [
    {file = "pathspec-0.12.1-py3-none-any.whl", hash = "sha256:a0d503e138a4c123b27490a4f7beda6a01c6f288df0e4a8b79c7eb0dc7b4cc08"},
    {file = "pathspec-0.12.1.tar.gz", hash = "sha256:a482d51503a1ab33b1c67a6c3813a26953dbdc71c31dacaef9a838c4e29f5712"},
]

[[package]]
name = "platformdirs"
version = "4.2.2"
description = "A small Python package for determining appropriate platform-specific dirs, e.g. a `user data dir`."
optional = false
python-versions = ">=3.8"
files = [
    {file = "platformdirs-4.2.2-py3-none-any.whl", hash = "sha256:2d7a1657e36a80ea911db832a8a6ece5ee53d8de21edd5cc5879af6530b1bfee"},
    {file = "platformdirs-4.2.2.tar.gz", hash = "sha256:38b7b51f512eed9e84a22788b4bce1de17c0adb134d6becb09836e37d8654cd3"},
]

[package.extras]
docs = ["furo (>=2023.9.10)", "proselint (>=0.13)", "sphinx (>=7.2.6)", "sphinx-autodoc-typehints (>=1.25.2)"]
test = ["appdirs (==1.4.4)", "covdefaults (>=2.3)", "pytest (>=7.4.3)", "pytest-cov (>=4.1)", "pytest-mock (>=3.12)"]
type = ["mypy (>=1.8)"]

[[package]]
name = "pluggy"
version = "1.5.0"
description = "plugin and hook calling mechanisms for python"
optional = false
python-versions = ">=3.8"
files = [
    {file = "pluggy-1.5.0-py3-none-any.whl", hash = "sha256:44e1ad92c8ca002de6377e165f3e0f1be63266ab4d554740532335b9d75ea669"},
    {file = "pluggy-1.5.0.tar.gz", hash = "sha256:2cffa88e94fdc978c4c574f15f9e59b7f4201d439195c3715ca9e2486f1d0cf1"},
]

[package.extras]
dev = ["pre-commit", "tox"]
testing = ["pytest", "pytest-benchmark"]

[[package]]
name = "pygame-ce"
version = "2.5.0"
description = "Python Game Development"
optional = false
python-versions = ">=3.8"
files = [
    {file = "pygame_ce-2.5.0-cp310-cp310-macosx_10_11_x86_64.whl", hash = "sha256:408fcfef84a93844c077b1cb7323886548426b2f074845998b43d2029440cd12"},
    {file = "pygame_ce-2.5.0-cp310-cp310-macosx_11_0_arm64.whl", hash = "sha256:7c45632bec67f6fffb2caa5b09511c2796b42c54680477e36253e9b4b3dee7ff"},
    {file = "pygame_ce-2.5.0-cp310-cp310-manylinux_2_17_aarch64.manylinux2014_aarch64.whl", hash = "sha256:d2bf7f4435c66b7f0f8a125c5e4c47a649b627954326f1258de7f2c9bf7e6c0b"},
    {file = "pygame_ce-2.5.0-cp310-cp310-manylinux_2_17_i686.manylinux2014_i686.whl", hash = "sha256:10a61373f1a98e483dee70b21a96f378167ae1a718a3995fce7acc7699059574"},
    {file = "pygame_ce-2.5.0-cp310-cp310-manylinux_2_17_x86_64.manylinux2014_x86_64.whl", hash = "sha256:ce200bec2d40eb15e29a948d7baa894c771fc77261f1a6511e90e99684f27148"},
    {file = "pygame_ce-2.5.0-cp310-cp310-win32.whl", hash = "sha256:9a3c8febec59a26e1be91250e6a040f10265f80f56132960329882df60a8f89b"},
    {file = "pygame_ce-2.5.0-cp310-cp310-win_amd64.whl", hash = "sha256:4a0b67a416190c3b774e9b740cf23a21ba27d2d679994378aa6c4bfa33317f69"},
    {file = "pygame_ce-2.5.0-cp311-cp311-macosx_10_11_x86_64.whl", hash = "sha256:2d6c7d931ed1fd68b5da213663bb8002ea688d5899f026dc4b73be9097c4e2a9"},
    {file = "pygame_ce-2.5.0-cp311-cp311-macosx_11_0_arm64.whl", hash = "sha256:e23dd76207308c4ecaa58cc417670924ba8327f325d61ca96aecc6915ebead22"},
    {file = "pygame_ce-2.5.0-cp311-cp311-manylinux_2_17_aarch64.manylinux2014_aarch64.whl", hash = "sha256:a7f8f251b53d0b0dc68095571f222478531093ac1aec0b96bcfe8551c32bc76d"},
    {file = "pygame_ce-2.5.0-cp311-cp311-manylinux_2_17_i686.manylinux2014_i686.whl", hash = "sha256:7b67975e22f2f0670de5b3570e08b2518d9daf7ed19af51441907ac9804d3e5a"},
    {file = "pygame_ce-2.5.0-cp311-cp311-manylinux_2_17_x86_64.manylinux2014_x86_64.whl", hash = "sha256:5ac59c88d520a0d5a57cf82b952b1b62839bc869757744d1c972ed036c05aad1"},
    {file = "pygame_ce-2.5.0-cp311-cp311-win32.whl", hash = "sha256:09cc46ffb45a2db64f8ee593bee09f883a57fa15936828d2c1d367853ed44bfa"},
    {file = "pygame_ce-2.5.0-cp311-cp311-win_amd64.whl", hash = "sha256:8d78324f2372d22bdb81485b1415b8a6e5c98d69bb65b3ee1bfb2a30f3e5f715"},
    {file = "pygame_ce-2.5.0-cp312-cp312-macosx_10_11_x86_64.whl", hash = "sha256:f20a4f82252e27d31dc111da807803d227f5b16877d904bf511a1cad7ec41596"},
    {file = "pygame_ce-2.5.0-cp312-cp312-macosx_11_0_arm64.whl", hash = "sha256:72f5abd7045d9158c9728ab84449c0eedaebecc56b3fa28b271f77f70c3127bb"},
    {file = "pygame_ce-2.5.0-cp312-cp312-manylinux_2_17_aarch64.manylinux2014_aarch64.whl", hash = "sha256:abef08bdf347b5ec33b98bb162c435749047e790db736594d6f4c85464cd7d35"},
    {file = "pygame_ce-2.5.0-cp312-cp312-manylinux_2_17_i686.manylinux2014_i686.whl", hash = "sha256:18f20596a118403bb9fd7c065aa5c1d846ff6248f2e49b3605ca08a09f73d7a6"},
    {file = "pygame_ce-2.5.0-cp312-cp312-manylinux_2_17_x86_64.manylinux2014_x86_64.whl", hash = "sha256:87ea2512b573e0706c0e3181d9a16dc9f8c71df8cf5dde31b7430f585cd39385"},
    {file = "pygame_ce-2.5.0-cp312-cp312-win32.whl", hash = "sha256:53a23cd31fa38b9908687c84b9d845669735476a10799323dc8adf050fc0b7c6"},
    {file = "pygame_ce-2.5.0-cp312-cp312-win_amd64.whl", hash = "sha256:2b290ca88e70c14b6a5184c54348334167bba35d2eb00c1c9a7e5179bcbaee40"},
    {file = "pygame_ce-2.5.0-cp38-cp38-macosx_10_11_x86_64.whl", hash = "sha256:ca6c3f72ecfc196d87bb53f186bfbd8bc45274aa6bb1265ad419cb2f5501c9df"},
    {file = "pygame_ce-2.5.0-cp38-cp38-macosx_11_0_arm64.whl", hash = "sha256:731dd171e7a54d13f6cb652862a37f32f141e39b18f2ba1e011f5166bd382059"},
    {file = "pygame_ce-2.5.0-cp38-cp38-manylinux_2_17_aarch64.manylinux2014_aarch64.whl", hash = "sha256:2647de29bc5bcd054504e0883663c91b2ffe8a7a10c7c0bce9968d3c06e75959"},
    {file = "pygame_ce-2.5.0-cp38-cp38-manylinux_2_17_i686.manylinux2014_i686.whl", hash = "sha256:48c59cd987870452b4bf26f8061147a509f0c97ee2f1d9f943c40c8f18102340"},
    {file = "pygame_ce-2.5.0-cp38-cp38-manylinux_2_17_x86_64.manylinux2014_x86_64.whl", hash = "sha256:70c90304aa37290d2fc10919871cf1d6ec894c016ef979c1ee3d1e868bda17b0"},
    {file = "pygame_ce-2.5.0-cp38-cp38-win32.whl", hash = "sha256:ef5fbe3f670d4efd6223d863bcd5cfa867167d86ca4c551b11754f748b7367b0"},
    {file = "pygame_ce-2.5.0-cp38-cp38-win_amd64.whl", hash = "sha256:f17aa8d52cfd0bc1f02b7a06c8020bedd2e4de9894ffddfd5642605ce7f92d9a"},
    {file = "pygame_ce-2.5.0-cp39-cp39-macosx_10_11_x86_64.whl", hash = "sha256:204d4b13f9ade51c175bacca7c88e0b0b525a8d9a3798c4d7a3b80553b21321f"},
    {file = "pygame_ce-2.5.0-cp39-cp39-macosx_11_0_arm64.whl", hash = "sha256:eefb3d308e87d9f9bcd568780dff7f3ef96029ad2bba5efae3dc2d147d6aca6e"},
    {file = "pygame_ce-2.5.0-cp39-cp39-manylinux_2_17_aarch64.manylinux2014_aarch64.whl", hash = "sha256:ba7cf80909a7c81eccc3ec8af65041be8f97f441ca3d4ac185cbe2d04cb557eb"},
    {file = "pygame_ce-2.5.0-cp39-cp39-manylinux_2_17_i686.manylinux2014_i686.whl", hash = "sha256:088a4201e16b43409f45b99c5c14bcb84810d09bb46d32a5b9f28eb674f65e03"},
    {file = "pygame_ce-2.5.0-cp39-cp39-manylinux_2_17_x86_64.manylinux2014_x86_64.whl", hash = "sha256:c6737a74be09ab94348f46dae3c6c97493e5928ff6d9e8ac58ce5cc7e5542738"},
    {file = "pygame_ce-2.5.0-cp39-cp39-win32.whl", hash = "sha256:ff2921a685ab0d5c1884b8a931963393b656d98ef9aad4274b5a1c7ad96c8994"},
    {file = "pygame_ce-2.5.0-cp39-cp39-win_amd64.whl", hash = "sha256:6ccc2deb07f457385595d2e77eee2ac6416e5b0e426a18f1d1bbd1600062d4f7"},
    {file = "pygame_ce-2.5.0-pp310-pypy310_pp73-macosx_10_11_x86_64.whl", hash = "sha256:38601022b200d87cd918e0d6d8c99b4e86a1e92e727c325dcaf8a59ad1c667a6"},
    {file = "pygame_ce-2.5.0-pp310-pypy310_pp73-manylinux_2_17_aarch64.manylinux2014_aarch64.whl", hash = "sha256:541df74359a42c254536d48e00b039e7c4ffad54c66b0471bb9f3480133c8b08"},
    {file = "pygame_ce-2.5.0-pp310-pypy310_pp73-manylinux_2_17_i686.manylinux2014_i686.whl", hash = "sha256:94c5e63b49b94d52ed8b60cd888fd119d2825a801356328b310e345854650fec"},
    {file = "pygame_ce-2.5.0-pp310-pypy310_pp73-manylinux_2_17_x86_64.manylinux2014_x86_64.whl", hash = "sha256:df482729ddd6fc45e8329e68d4bb05eb93c06d6527b15f5b2e14146c249b3025"},
    {file = "pygame_ce-2.5.0-pp310-pypy310_pp73-win_amd64.whl", hash = "sha256:eb8f4d3cc70c0ece2105017ffe710468a1cc70f0fbe63d71782f94a929097e88"},
    {file = "pygame_ce-2.5.0-pp38-pypy38_pp73-macosx_10_11_x86_64.whl", hash = "sha256:feb4cb900c7e788cffd1d1c8a9db7097809d974440cdd47871217a489f628604"},
    {file = "pygame_ce-2.5.0-pp38-pypy38_pp73-manylinux_2_17_aarch64.manylinux2014_aarch64.whl", hash = "sha256:8226dab63413dad487cd748cf959aa8c9dfdec9e12122347c2fb14493c7e697a"},
    {file = "pygame_ce-2.5.0-pp38-pypy38_pp73-manylinux_2_17_i686.manylinux2014_i686.whl", hash = "sha256:03503aa4059168a1c4d0c42b95b289496834ef3234d06d1a6e842ed34c32b797"},
    {file = "pygame_ce-2.5.0-pp38-pypy38_pp73-manylinux_2_17_x86_64.manylinux2014_x86_64.whl", hash = "sha256:c4063cb05e924771a90231561826790225a09d7de3f5ed9bef7de8460e9f5b48"},
    {file = "pygame_ce-2.5.0-pp38-pypy38_pp73-win_amd64.whl", hash = "sha256:98f271736e7a7b327bc88ce7e80129d7ea25869660224596a18220ae4e9e7e58"},
    {file = "pygame_ce-2.5.0-pp39-pypy39_pp73-macosx_10_11_x86_64.whl", hash = "sha256:eda9631ba4fa8a46f5c358abfc32473c50ed96408fa9031fdac98e2290a3e56f"},
    {file = "pygame_ce-2.5.0-pp39-pypy39_pp73-manylinux_2_17_aarch64.manylinux2014_aarch64.whl", hash = "sha256:f980f44f13eb178f719599f87f2f3b13afd0ef3ac796761797d16f45c68a15b8"},
    {file = "pygame_ce-2.5.0-pp39-pypy39_pp73-manylinux_2_17_i686.manylinux2014_i686.whl", hash = "sha256:2937ca1d80b40520621c3100c7a4dc47cc912c7f93450fc3dcb92be5e28135c5"},
    {file = "pygame_ce-2.5.0-pp39-pypy39_pp73-manylinux_2_17_x86_64.manylinux2014_x86_64.whl", hash = "sha256:6ef61b7d38b2764f457aaf7b0dcd5b38b2c896c7fb7dc9183254ee128fb280ef"},
    {file = "pygame_ce-2.5.0-pp39-pypy39_pp73-win_amd64.whl", hash = "sha256:60ce604fc29891746ecbe53aa5b1130e329b56e27aa8a6df8ef31fa6515f53e6"},
    {file = "pygame_ce-2.5.0.tar.gz", hash = "sha256:76d47c6b49237ffff7656e4bebc4032a89f6025b70bfad7cb0fb4be2bfdcbe77"},
]

[[package]]
name = "pytest"
version = "8.2.2"
description = "pytest: simple powerful testing with Python"
optional = false
python-versions = ">=3.8"
files = [
    {file = "pytest-8.2.2-py3-none-any.whl", hash = "sha256:c434598117762e2bd304e526244f67bf66bbd7b5d6cf22138be51ff661980343"},
    {file = "pytest-8.2.2.tar.gz", hash = "sha256:de4bb8104e201939ccdc688b27a89a7be2079b22e2bd2b07f806b6ba71117977"},
]

[package.dependencies]
colorama = {version = "*", markers = "sys_platform == \"win32\""}
iniconfig = "*"
packaging = "*"
pluggy = ">=1.5,<2.0"

[package.extras]
dev = ["argcomplete", "attrs (>=19.2)", "hypothesis (>=3.56)", "mock", "pygments (>=2.7.2)", "requests", "setuptools", "xmlschema"]

[metadata]
lock-version = "2.0"
python-versions = "^3.12"
content-hash = "8d02e31ff7473d0f8f8e38bbab40bfc020ffe8063b099d04cb32ebadc2101763"
